github.com/d4l3k/messagediff v1.2.1 h1:ZcAIMYsUg0EAp9X+tt8/enBE/Q8Yd5kzPynLyKptt9U=
github.com/d4l3k/messagediff v1.2.1/go.mod h1:Oozbb1TVXFac9FtSIxHBMnBCq2qeH/2KkEQxENCrlLo=
github.com/mitchellh/go-homedir v1.1.0 h1:lukF9ziXFxDFPkA1vsr5zpc1XuPDn/wFntq5mG+4E0Y=
github.com/mitchellh/go-homedir v1.1.0/go.mod h1:SfyaCUpYCn1Vlf4IUYiD9fPX4A5wJrkLzIz1N1q0pr0=
github.com/twpayne/go-vfs v0.1.5 h1:bhND91u3uNgs5cUedHfmZDVXqa+WDqpmOc5n4A8T+hI=
github.com/twpayne/go-vfs v0.1.5/go.mod h1:OIXA6zWkcn7Jk46XT7ceYqBMeIkfzJ8WOBhGJM0W4y8=
